
Microsoft Visual Studio Solution File, Format Version 12.00
# Visual Studio 14
VisualStudioVersion = 14.0.25420.1
MinimumVisualStudioVersion = 10.0.40219.1
Project("{FAE04EC0-301F-11D3-BF4B-00C04F79EFBC}") = "Xamarians.GoogleLogin", "Xamarians.GoogleLogin\Xamarians.GoogleLogin.csproj", "{67F9D3A8-F71E-4428-913F-C37AE82CDB24}"
EndProject
Project("{FAE04EC0-301F-11D3-BF4B-00C04F79EFBC}") = "Xamarians.GoogleLogin.Droid", "Xamarians.GoogleLogin.Droid\Xamarians.GoogleLogin.Droid.csproj", "{FBD06BD9-0DE0-4F13-A8E9-BA91CB17D85B}"
EndProject
Project("{FAE04EC0-301F-11D3-BF4B-00C04F79EFBC}") = "Xamarians.GoogleLogin.iOS", "Xamarians.GoogleLogin.iOS\Xamarians.GoogleLogin.iOS.csproj", "{D88ADD1B-DD16-4C9A-8808-64D0E1C138D9}"
EndProject
Project("{D954291E-2A0B-460D-934E-DC6B0785DB48}") = "Sample", "Sample\Sample\Sample.shproj", "{ABE7473B-B4EC-4BF4-A328-B4C7FBBA21BD}"
EndProject
Project("{FAE04EC0-301F-11D3-BF4B-00C04F79EFBC}") = "Sample.Android", "Sample\Sample.Android\Sample.Android.csproj", "{11A30865-F808-4258-BE6C-0BA24FEBD24D}"
EndProject
Project("{FAE04EC0-301F-11D3-BF4B-00C04F79EFBC}") = "Sample.iOS", "Sample\Sample.iOS\Sample.iOS.csproj", "{4B39D6A0-DC62-4A57-BF8B-97A246201E9C}"
EndProject
Global
	GlobalSection(SharedMSBuildProjectFiles) = preSolution
		Sample\Sample\Sample.projitems*{11a30865-f808-4258-be6c-0ba24febd24d}*SharedItemsImports = 4
		Sample\Sample\Sample.projitems*{4b39d6a0-dc62-4a57-bf8b-97a246201e9c}*SharedItemsImports = 4
		Sample\Sample\Sample.projitems*{abe7473b-b4ec-4bf4-a328-b4c7fbba21bd}*SharedItemsImports = 13
	EndGlobalSection
	GlobalSection(SolutionConfigurationPlatforms) = preSolution
		Ad-Hoc|Any CPU = Ad-Hoc|Any CPU
		Ad-Hoc|ARM = Ad-Hoc|ARM
		Ad-Hoc|iPhone = Ad-Hoc|iPhone
		Ad-Hoc|iPhoneSimulator = Ad-Hoc|iPhoneSimulator
		Ad-Hoc|x64 = Ad-Hoc|x64
		Ad-Hoc|x86 = Ad-Hoc|x86
		AppStore|Any CPU = AppStore|Any CPU
		AppStore|ARM = AppStore|ARM
		AppStore|iPhone = AppStore|iPhone
		AppStore|iPhoneSimulator = AppStore|iPhoneSimulator
		AppStore|x64 = AppStore|x64
		AppStore|x86 = AppStore|x86
		Debug|Any CPU = Debug|Any CPU
		Debug|ARM = Debug|ARM
		Debug|iPhone = Debug|iPhone
		Debug|iPhoneSimulator = Debug|iPhoneSimulator
		Debug|x64 = Debug|x64
		Debug|x86 = Debug|x86
		Release|Any CPU = Release|Any CPU
		Release|ARM = Release|ARM
		Release|iPhone = Release|iPhone
		Release|iPhoneSimulator = Release|iPhoneSimulator
		Release|x64 = Release|x64
		Release|x86 = Release|x86
	EndGlobalSection
	GlobalSection(ProjectConfigurationPlatforms) = postSolution
		{67F9D3A8-F71E-4428-913F-C37AE82CDB24}.Ad-Hoc|Any CPU.ActiveCfg = Release|Any CPU
		{67F9D3A8-F71E-4428-913F-C37AE82CDB24}.Ad-Hoc|Any CPU.Build.0 = Release|Any CPU
		{67F9D3A8-F71E-4428-913F-C37AE82CDB24}.Ad-Hoc|ARM.ActiveCfg = Release|Any CPU
		{67F9D3A8-F71E-4428-913F-C37AE82CDB24}.Ad-Hoc|ARM.Build.0 = Release|Any CPU
		{67F9D3A8-F71E-4428-913F-C37AE82CDB24}.Ad-Hoc|iPhone.ActiveCfg = Release|Any CPU
		{67F9D3A8-F71E-4428-913F-C37AE82CDB24}.Ad-Hoc|iPhone.Build.0 = Release|Any CPU
		{67F9D3A8-F71E-4428-913F-C37AE82CDB24}.Ad-Hoc|iPhoneSimulator.ActiveCfg = Release|Any CPU
		{67F9D3A8-F71E-4428-913F-C37AE82CDB24}.Ad-Hoc|iPhoneSimulator.Build.0 = Release|Any CPU
		{67F9D3A8-F71E-4428-913F-C37AE82CDB24}.Ad-Hoc|x64.ActiveCfg = Release|Any CPU
		{67F9D3A8-F71E-4428-913F-C37AE82CDB24}.Ad-Hoc|x64.Build.0 = Release|Any CPU
		{67F9D3A8-F71E-4428-913F-C37AE82CDB24}.Ad-Hoc|x86.ActiveCfg = Release|Any CPU
		{67F9D3A8-F71E-4428-913F-C37AE82CDB24}.Ad-Hoc|x86.Build.0 = Release|Any CPU
		{67F9D3A8-F71E-4428-913F-C37AE82CDB24}.AppStore|Any CPU.ActiveCfg = Release|Any CPU
		{67F9D3A8-F71E-4428-913F-C37AE82CDB24}.AppStore|Any CPU.Build.0 = Release|Any CPU
		{67F9D3A8-F71E-4428-913F-C37AE82CDB24}.AppStore|ARM.ActiveCfg = Release|Any CPU
		{67F9D3A8-F71E-4428-913F-C37AE82CDB24}.AppStore|ARM.Build.0 = Release|Any CPU
		{67F9D3A8-F71E-4428-913F-C37AE82CDB24}.AppStore|iPhone.ActiveCfg = Release|Any CPU
		{67F9D3A8-F71E-4428-913F-C37AE82CDB24}.AppStore|iPhone.Build.0 = Release|Any CPU
		{67F9D3A8-F71E-4428-913F-C37AE82CDB24}.AppStore|iPhoneSimulator.ActiveCfg = Release|Any CPU
		{67F9D3A8-F71E-4428-913F-C37AE82CDB24}.AppStore|iPhoneSimulator.Build.0 = Release|Any CPU
		{67F9D3A8-F71E-4428-913F-C37AE82CDB24}.AppStore|x64.ActiveCfg = Release|Any CPU
		{67F9D3A8-F71E-4428-913F-C37AE82CDB24}.AppStore|x64.Build.0 = Release|Any CPU
		{67F9D3A8-F71E-4428-913F-C37AE82CDB24}.AppStore|x86.ActiveCfg = Release|Any CPU
		{67F9D3A8-F71E-4428-913F-C37AE82CDB24}.AppStore|x86.Build.0 = Release|Any CPU
		{67F9D3A8-F71E-4428-913F-C37AE82CDB24}.Debug|Any CPU.ActiveCfg = Debug|Any CPU
		{67F9D3A8-F71E-4428-913F-C37AE82CDB24}.Debug|Any CPU.Build.0 = Debug|Any CPU
		{67F9D3A8-F71E-4428-913F-C37AE82CDB24}.Debug|ARM.ActiveCfg = Debug|Any CPU
		{67F9D3A8-F71E-4428-913F-C37AE82CDB24}.Debug|ARM.Build.0 = Debug|Any CPU
		{67F9D3A8-F71E-4428-913F-C37AE82CDB24}.Debug|iPhone.ActiveCfg = Debug|Any CPU
		{67F9D3A8-F71E-4428-913F-C37AE82CDB24}.Debug|iPhone.Build.0 = Debug|Any CPU
		{67F9D3A8-F71E-4428-913F-C37AE82CDB24}.Debug|iPhoneSimulator.ActiveCfg = Debug|Any CPU
		{67F9D3A8-F71E-4428-913F-C37AE82CDB24}.Debug|iPhoneSimulator.Build.0 = Debug|Any CPU
		{67F9D3A8-F71E-4428-913F-C37AE82CDB24}.Debug|x64.ActiveCfg = Debug|Any CPU
		{67F9D3A8-F71E-4428-913F-C37AE82CDB24}.Debug|x64.Build.0 = Debug|Any CPU
		{67F9D3A8-F71E-4428-913F-C37AE82CDB24}.Debug|x86.ActiveCfg = Debug|Any CPU
		{67F9D3A8-F71E-4428-913F-C37AE82CDB24}.Debug|x86.Build.0 = Debug|Any CPU
		{67F9D3A8-F71E-4428-913F-C37AE82CDB24}.Release|Any CPU.ActiveCfg = Release|Any CPU
		{67F9D3A8-F71E-4428-913F-C37AE82CDB24}.Release|Any CPU.Build.0 = Release|Any CPU
		{67F9D3A8-F71E-4428-913F-C37AE82CDB24}.Release|ARM.ActiveCfg = Release|Any CPU
		{67F9D3A8-F71E-4428-913F-C37AE82CDB24}.Release|ARM.Build.0 = Release|Any CPU
		{67F9D3A8-F71E-4428-913F-C37AE82CDB24}.Release|iPhone.ActiveCfg = Release|Any CPU
		{67F9D3A8-F71E-4428-913F-C37AE82CDB24}.Release|iPhone.Build.0 = Release|Any CPU
		{67F9D3A8-F71E-4428-913F-C37AE82CDB24}.Release|iPhoneSimulator.ActiveCfg = Release|Any CPU
		{67F9D3A8-F71E-4428-913F-C37AE82CDB24}.Release|iPhoneSimulator.Build.0 = Release|Any CPU
		{67F9D3A8-F71E-4428-913F-C37AE82CDB24}.Release|x64.ActiveCfg = Release|Any CPU
		{67F9D3A8-F71E-4428-913F-C37AE82CDB24}.Release|x64.Build.0 = Release|Any CPU
		{67F9D3A8-F71E-4428-913F-C37AE82CDB24}.Release|x86.ActiveCfg = Release|Any CPU
		{67F9D3A8-F71E-4428-913F-C37AE82CDB24}.Release|x86.Build.0 = Release|Any CPU
		{FBD06BD9-0DE0-4F13-A8E9-BA91CB17D85B}.Ad-Hoc|Any CPU.ActiveCfg = Release|Any CPU
		{FBD06BD9-0DE0-4F13-A8E9-BA91CB17D85B}.Ad-Hoc|Any CPU.Build.0 = Release|Any CPU
		{FBD06BD9-0DE0-4F13-A8E9-BA91CB17D85B}.Ad-Hoc|ARM.ActiveCfg = Release|Any CPU
		{FBD06BD9-0DE0-4F13-A8E9-BA91CB17D85B}.Ad-Hoc|ARM.Build.0 = Release|Any CPU
		{FBD06BD9-0DE0-4F13-A8E9-BA91CB17D85B}.Ad-Hoc|iPhone.ActiveCfg = Release|Any CPU
		{FBD06BD9-0DE0-4F13-A8E9-BA91CB17D85B}.Ad-Hoc|iPhone.Build.0 = Release|Any CPU
		{FBD06BD9-0DE0-4F13-A8E9-BA91CB17D85B}.Ad-Hoc|iPhoneSimulator.ActiveCfg = Release|Any CPU
		{FBD06BD9-0DE0-4F13-A8E9-BA91CB17D85B}.Ad-Hoc|iPhoneSimulator.Build.0 = Release|Any CPU
		{FBD06BD9-0DE0-4F13-A8E9-BA91CB17D85B}.Ad-Hoc|x64.ActiveCfg = Release|Any CPU
		{FBD06BD9-0DE0-4F13-A8E9-BA91CB17D85B}.Ad-Hoc|x64.Build.0 = Release|Any CPU
		{FBD06BD9-0DE0-4F13-A8E9-BA91CB17D85B}.Ad-Hoc|x86.ActiveCfg = Release|Any CPU
		{FBD06BD9-0DE0-4F13-A8E9-BA91CB17D85B}.Ad-Hoc|x86.Build.0 = Release|Any CPU
		{FBD06BD9-0DE0-4F13-A8E9-BA91CB17D85B}.AppStore|Any CPU.ActiveCfg = Release|Any CPU
		{FBD06BD9-0DE0-4F13-A8E9-BA91CB17D85B}.AppStore|Any CPU.Build.0 = Release|Any CPU
		{FBD06BD9-0DE0-4F13-A8E9-BA91CB17D85B}.AppStore|ARM.ActiveCfg = Release|Any CPU
		{FBD06BD9-0DE0-4F13-A8E9-BA91CB17D85B}.AppStore|ARM.Build.0 = Release|Any CPU
		{FBD06BD9-0DE0-4F13-A8E9-BA91CB17D85B}.AppStore|iPhone.ActiveCfg = Release|Any CPU
		{FBD06BD9-0DE0-4F13-A8E9-BA91CB17D85B}.AppStore|iPhone.Build.0 = Release|Any CPU
		{FBD06BD9-0DE0-4F13-A8E9-BA91CB17D85B}.AppStore|iPhoneSimulator.ActiveCfg = Release|Any CPU
		{FBD06BD9-0DE0-4F13-A8E9-BA91CB17D85B}.AppStore|iPhoneSimulator.Build.0 = Release|Any CPU
		{FBD06BD9-0DE0-4F13-A8E9-BA91CB17D85B}.AppStore|x64.ActiveCfg = Release|Any CPU
		{FBD06BD9-0DE0-4F13-A8E9-BA91CB17D85B}.AppStore|x64.Build.0 = Release|Any CPU
		{FBD06BD9-0DE0-4F13-A8E9-BA91CB17D85B}.AppStore|x86.ActiveCfg = Release|Any CPU
		{FBD06BD9-0DE0-4F13-A8E9-BA91CB17D85B}.AppStore|x86.Build.0 = Release|Any CPU
		{FBD06BD9-0DE0-4F13-A8E9-BA91CB17D85B}.Debug|Any CPU.ActiveCfg = Debug|Any CPU
		{FBD06BD9-0DE0-4F13-A8E9-BA91CB17D85B}.Debug|Any CPU.Build.0 = Debug|Any CPU
		{FBD06BD9-0DE0-4F13-A8E9-BA91CB17D85B}.Debug|ARM.ActiveCfg = Debug|Any CPU
		{FBD06BD9-0DE0-4F13-A8E9-BA91CB17D85B}.Debug|ARM.Build.0 = Debug|Any CPU
		{FBD06BD9-0DE0-4F13-A8E9-BA91CB17D85B}.Debug|iPhone.ActiveCfg = Debug|Any CPU
		{FBD06BD9-0DE0-4F13-A8E9-BA91CB17D85B}.Debug|iPhone.Build.0 = Debug|Any CPU
		{FBD06BD9-0DE0-4F13-A8E9-BA91CB17D85B}.Debug|iPhoneSimulator.ActiveCfg = Debug|Any CPU
		{FBD06BD9-0DE0-4F13-A8E9-BA91CB17D85B}.Debug|iPhoneSimulator.Build.0 = Debug|Any CPU
		{FBD06BD9-0DE0-4F13-A8E9-BA91CB17D85B}.Debug|x64.ActiveCfg = Debug|Any CPU
		{FBD06BD9-0DE0-4F13-A8E9-BA91CB17D85B}.Debug|x64.Build.0 = Debug|Any CPU
		{FBD06BD9-0DE0-4F13-A8E9-BA91CB17D85B}.Debug|x86.ActiveCfg = Debug|Any CPU
		{FBD06BD9-0DE0-4F13-A8E9-BA91CB17D85B}.Debug|x86.Build.0 = Debug|Any CPU
		{FBD06BD9-0DE0-4F13-A8E9-BA91CB17D85B}.Release|Any CPU.ActiveCfg = Release|Any CPU
		{FBD06BD9-0DE0-4F13-A8E9-BA91CB17D85B}.Release|Any CPU.Build.0 = Release|Any CPU
		{FBD06BD9-0DE0-4F13-A8E9-BA91CB17D85B}.Release|ARM.ActiveCfg = Release|Any CPU
		{FBD06BD9-0DE0-4F13-A8E9-BA91CB17D85B}.Release|ARM.Build.0 = Release|Any CPU
		{FBD06BD9-0DE0-4F13-A8E9-BA91CB17D85B}.Release|iPhone.ActiveCfg = Release|Any CPU
		{FBD06BD9-0DE0-4F13-A8E9-BA91CB17D85B}.Release|iPhone.Build.0 = Release|Any CPU
		{FBD06BD9-0DE0-4F13-A8E9-BA91CB17D85B}.Release|iPhoneSimulator.ActiveCfg = Release|Any CPU
		{FBD06BD9-0DE0-4F13-A8E9-BA91CB17D85B}.Release|iPhoneSimulator.Build.0 = Release|Any CPU
		{FBD06BD9-0DE0-4F13-A8E9-BA91CB17D85B}.Release|x64.ActiveCfg = Release|Any CPU
		{FBD06BD9-0DE0-4F13-A8E9-BA91CB17D85B}.Release|x64.Build.0 = Release|Any CPU
		{FBD06BD9-0DE0-4F13-A8E9-BA91CB17D85B}.Release|x86.ActiveCfg = Release|Any CPU
		{FBD06BD9-0DE0-4F13-A8E9-BA91CB17D85B}.Release|x86.Build.0 = Release|Any CPU
		{D88ADD1B-DD16-4C9A-8808-64D0E1C138D9}.Ad-Hoc|Any CPU.ActiveCfg = Release|Any CPU
		{D88ADD1B-DD16-4C9A-8808-64D0E1C138D9}.Ad-Hoc|Any CPU.Build.0 = Release|Any CPU
		{D88ADD1B-DD16-4C9A-8808-64D0E1C138D9}.Ad-Hoc|ARM.ActiveCfg = Release|Any CPU
		{D88ADD1B-DD16-4C9A-8808-64D0E1C138D9}.Ad-Hoc|ARM.Build.0 = Release|Any CPU
		{D88ADD1B-DD16-4C9A-8808-64D0E1C138D9}.Ad-Hoc|iPhone.ActiveCfg = Release|Any CPU
		{D88ADD1B-DD16-4C9A-8808-64D0E1C138D9}.Ad-Hoc|iPhone.Build.0 = Release|Any CPU
		{D88ADD1B-DD16-4C9A-8808-64D0E1C138D9}.Ad-Hoc|iPhoneSimulator.ActiveCfg = Release|Any CPU
		{D88ADD1B-DD16-4C9A-8808-64D0E1C138D9}.Ad-Hoc|iPhoneSimulator.Build.0 = Release|Any CPU
		{D88ADD1B-DD16-4C9A-8808-64D0E1C138D9}.Ad-Hoc|x64.ActiveCfg = Release|Any CPU
		{D88ADD1B-DD16-4C9A-8808-64D0E1C138D9}.Ad-Hoc|x64.Build.0 = Release|Any CPU
		{D88ADD1B-DD16-4C9A-8808-64D0E1C138D9}.Ad-Hoc|x86.ActiveCfg = Release|Any CPU
		{D88ADD1B-DD16-4C9A-8808-64D0E1C138D9}.Ad-Hoc|x86.Build.0 = Release|Any CPU
		{D88ADD1B-DD16-4C9A-8808-64D0E1C138D9}.AppStore|Any CPU.ActiveCfg = Release|Any CPU
		{D88ADD1B-DD16-4C9A-8808-64D0E1C138D9}.AppStore|Any CPU.Build.0 = Release|Any CPU
		{D88ADD1B-DD16-4C9A-8808-64D0E1C138D9}.AppStore|ARM.ActiveCfg = Release|Any CPU
		{D88ADD1B-DD16-4C9A-8808-64D0E1C138D9}.AppStore|ARM.Build.0 = Release|Any CPU
		{D88ADD1B-DD16-4C9A-8808-64D0E1C138D9}.AppStore|iPhone.ActiveCfg = Release|Any CPU
		{D88ADD1B-DD16-4C9A-8808-64D0E1C138D9}.AppStore|iPhone.Build.0 = Release|Any CPU
		{D88ADD1B-DD16-4C9A-8808-64D0E1C138D9}.AppStore|iPhoneSimulator.ActiveCfg = Release|Any CPU
		{D88ADD1B-DD16-4C9A-8808-64D0E1C138D9}.AppStore|iPhoneSimulator.Build.0 = Release|Any CPU
		{D88ADD1B-DD16-4C9A-8808-64D0E1C138D9}.AppStore|x64.ActiveCfg = Release|Any CPU
		{D88ADD1B-DD16-4C9A-8808-64D0E1C138D9}.AppStore|x64.Build.0 = Release|Any CPU
		{D88ADD1B-DD16-4C9A-8808-64D0E1C138D9}.AppStore|x86.ActiveCfg = Release|Any CPU
		{D88ADD1B-DD16-4C9A-8808-64D0E1C138D9}.AppStore|x86.Build.0 = Release|Any CPU
		{D88ADD1B-DD16-4C9A-8808-64D0E1C138D9}.Debug|Any CPU.ActiveCfg = Debug|Any CPU
		{D88ADD1B-DD16-4C9A-8808-64D0E1C138D9}.Debug|Any CPU.Build.0 = Debug|Any CPU
		{D88ADD1B-DD16-4C9A-8808-64D0E1C138D9}.Debug|ARM.ActiveCfg = Debug|Any CPU
		{D88ADD1B-DD16-4C9A-8808-64D0E1C138D9}.Debug|ARM.Build.0 = Debug|Any CPU
		{D88ADD1B-DD16-4C9A-8808-64D0E1C138D9}.Debug|iPhone.ActiveCfg = Debug|Any CPU
		{D88ADD1B-DD16-4C9A-8808-64D0E1C138D9}.Debug|iPhone.Build.0 = Debug|Any CPU
		{D88ADD1B-DD16-4C9A-8808-64D0E1C138D9}.Debug|iPhoneSimulator.ActiveCfg = Debug|Any CPU
		{D88ADD1B-DD16-4C9A-8808-64D0E1C138D9}.Debug|iPhoneSimulator.Build.0 = Debug|Any CPU
		{D88ADD1B-DD16-4C9A-8808-64D0E1C138D9}.Debug|x64.ActiveCfg = Debug|Any CPU
		{D88ADD1B-DD16-4C9A-8808-64D0E1C138D9}.Debug|x64.Build.0 = Debug|Any CPU
		{D88ADD1B-DD16-4C9A-8808-64D0E1C138D9}.Debug|x86.ActiveCfg = Debug|Any CPU
		{D88ADD1B-DD16-4C9A-8808-64D0E1C138D9}.Debug|x86.Build.0 = Debug|Any CPU
		{D88ADD1B-DD16-4C9A-8808-64D0E1C138D9}.Release|Any CPU.ActiveCfg = Release|Any CPU
		{D88ADD1B-DD16-4C9A-8808-64D0E1C138D9}.Release|Any CPU.Build.0 = Release|Any CPU
		{D88ADD1B-DD16-4C9A-8808-64D0E1C138D9}.Release|ARM.ActiveCfg = Release|Any CPU
		{D88ADD1B-DD16-4C9A-8808-64D0E1C138D9}.Release|ARM.Build.0 = Release|Any CPU
		{D88ADD1B-DD16-4C9A-8808-64D0E1C138D9}.Release|iPhone.ActiveCfg = Release|Any CPU
		{D88ADD1B-DD16-4C9A-8808-64D0E1C138D9}.Release|iPhone.Build.0 = Release|Any CPU
		{D88ADD1B-DD16-4C9A-8808-64D0E1C138D9}.Release|iPhoneSimulator.ActiveCfg = Release|Any CPU
		{D88ADD1B-DD16-4C9A-8808-64D0E1C138D9}.Release|iPhoneSimulator.Build.0 = Release|Any CPU
		{D88ADD1B-DD16-4C9A-8808-64D0E1C138D9}.Release|x64.ActiveCfg = Release|Any CPU
		{D88ADD1B-DD16-4C9A-8808-64D0E1C138D9}.Release|x64.Build.0 = Release|Any CPU
		{D88ADD1B-DD16-4C9A-8808-64D0E1C138D9}.Release|x86.ActiveCfg = Release|Any CPU
		{D88ADD1B-DD16-4C9A-8808-64D0E1C138D9}.Release|x86.Build.0 = Release|Any CPU
		{11A30865-F808-4258-BE6C-0BA24FEBD24D}.Ad-Hoc|Any CPU.ActiveCfg = Release|Any CPU
		{11A30865-F808-4258-BE6C-0BA24FEBD24D}.Ad-Hoc|Any CPU.Build.0 = Release|Any CPU
		{11A30865-F808-4258-BE6C-0BA24FEBD24D}.Ad-Hoc|Any CPU.Deploy.0 = Release|Any CPU
		{11A30865-F808-4258-BE6C-0BA24FEBD24D}.Ad-Hoc|ARM.ActiveCfg = Release|Any CPU
		{11A30865-F808-4258-BE6C-0BA24FEBD24D}.Ad-Hoc|ARM.Build.0 = Release|Any CPU
		{11A30865-F808-4258-BE6C-0BA24FEBD24D}.Ad-Hoc|ARM.Deploy.0 = Release|Any CPU
		{11A30865-F808-4258-BE6C-0BA24FEBD24D}.Ad-Hoc|iPhone.ActiveCfg = Release|Any CPU
		{11A30865-F808-4258-BE6C-0BA24FEBD24D}.Ad-Hoc|iPhone.Build.0 = Release|Any CPU
		{11A30865-F808-4258-BE6C-0BA24FEBD24D}.Ad-Hoc|iPhone.Deploy.0 = Release|Any CPU
		{11A30865-F808-4258-BE6C-0BA24FEBD24D}.Ad-Hoc|iPhoneSimulator.ActiveCfg = Release|Any CPU
		{11A30865-F808-4258-BE6C-0BA24FEBD24D}.Ad-Hoc|iPhoneSimulator.Build.0 = Release|Any CPU
		{11A30865-F808-4258-BE6C-0BA24FEBD24D}.Ad-Hoc|iPhoneSimulator.Deploy.0 = Release|Any CPU
		{11A30865-F808-4258-BE6C-0BA24FEBD24D}.Ad-Hoc|x64.ActiveCfg = Release|Any CPU
		{11A30865-F808-4258-BE6C-0BA24FEBD24D}.Ad-Hoc|x64.Build.0 = Release|Any CPU
		{11A30865-F808-4258-BE6C-0BA24FEBD24D}.Ad-Hoc|x64.Deploy.0 = Release|Any CPU
		{11A30865-F808-4258-BE6C-0BA24FEBD24D}.Ad-Hoc|x86.ActiveCfg = Release|Any CPU
		{11A30865-F808-4258-BE6C-0BA24FEBD24D}.Ad-Hoc|x86.Build.0 = Release|Any CPU
		{11A30865-F808-4258-BE6C-0BA24FEBD24D}.Ad-Hoc|x86.Deploy.0 = Release|Any CPU
		{11A30865-F808-4258-BE6C-0BA24FEBD24D}.AppStore|Any CPU.ActiveCfg = Release|Any CPU
		{11A30865-F808-4258-BE6C-0BA24FEBD24D}.AppStore|Any CPU.Build.0 = Release|Any CPU
		{11A30865-F808-4258-BE6C-0BA24FEBD24D}.AppStore|Any CPU.Deploy.0 = Release|Any CPU
		{11A30865-F808-4258-BE6C-0BA24FEBD24D}.AppStore|ARM.ActiveCfg = Release|Any CPU
		{11A30865-F808-4258-BE6C-0BA24FEBD24D}.AppStore|ARM.Build.0 = Release|Any CPU
		{11A30865-F808-4258-BE6C-0BA24FEBD24D}.AppStore|ARM.Deploy.0 = Release|Any CPU
		{11A30865-F808-4258-BE6C-0BA24FEBD24D}.AppStore|iPhone.ActiveCfg = Release|Any CPU
		{11A30865-F808-4258-BE6C-0BA24FEBD24D}.AppStore|iPhone.Build.0 = Release|Any CPU
		{11A30865-F808-4258-BE6C-0BA24FEBD24D}.AppStore|iPhone.Deploy.0 = Release|Any CPU
		{11A30865-F808-4258-BE6C-0BA24FEBD24D}.AppStore|iPhoneSimulator.ActiveCfg = Release|Any CPU
		{11A30865-F808-4258-BE6C-0BA24FEBD24D}.AppStore|iPhoneSimulator.Build.0 = Release|Any CPU
		{11A30865-F808-4258-BE6C-0BA24FEBD24D}.AppStore|iPhoneSimulator.Deploy.0 = Release|Any CPU
		{11A30865-F808-4258-BE6C-0BA24FEBD24D}.AppStore|x64.ActiveCfg = Release|Any CPU
		{11A30865-F808-4258-BE6C-0BA24FEBD24D}.AppStore|x64.Build.0 = Release|Any CPU
		{11A30865-F808-4258-BE6C-0BA24FEBD24D}.AppStore|x64.Deploy.0 = Release|Any CPU
		{11A30865-F808-4258-BE6C-0BA24FEBD24D}.AppStore|x86.ActiveCfg = Release|Any CPU
		{11A30865-F808-4258-BE6C-0BA24FEBD24D}.AppStore|x86.Build.0 = Release|Any CPU
		{11A30865-F808-4258-BE6C-0BA24FEBD24D}.AppStore|x86.Deploy.0 = Release|Any CPU
		{11A30865-F808-4258-BE6C-0BA24FEBD24D}.Debug|Any CPU.ActiveCfg = Debug|Any CPU
		{11A30865-F808-4258-BE6C-0BA24FEBD24D}.Debug|Any CPU.Build.0 = Debug|Any CPU
		{11A30865-F808-4258-BE6C-0BA24FEBD24D}.Debug|Any CPU.Deploy.0 = Debug|Any CPU
		{11A30865-F808-4258-BE6C-0BA24FEBD24D}.Debug|ARM.ActiveCfg = Debug|Any CPU
		{11A30865-F808-4258-BE6C-0BA24FEBD24D}.Debug|ARM.Build.0 = Debug|Any CPU
		{11A30865-F808-4258-BE6C-0BA24FEBD24D}.Debug|ARM.Deploy.0 = Debug|Any CPU
		{11A30865-F808-4258-BE6C-0BA24FEBD24D}.Debug|iPhone.ActiveCfg = Debug|Any CPU
		{11A30865-F808-4258-BE6C-0BA24FEBD24D}.Debug|iPhone.Build.0 = Debug|Any CPU
		{11A30865-F808-4258-BE6C-0BA24FEBD24D}.Debug|iPhone.Deploy.0 = Debug|Any CPU
		{11A30865-F808-4258-BE6C-0BA24FEBD24D}.Debug|iPhoneSimulator.ActiveCfg = Debug|Any CPU
		{11A30865-F808-4258-BE6C-0BA24FEBD24D}.Debug|iPhoneSimulator.Build.0 = Debug|Any CPU
		{11A30865-F808-4258-BE6C-0BA24FEBD24D}.Debug|iPhoneSimulator.Deploy.0 = Debug|Any CPU
		{11A30865-F808-4258-BE6C-0BA24FEBD24D}.Debug|x64.ActiveCfg = Debug|Any CPU
		{11A30865-F808-4258-BE6C-0BA24FEBD24D}.Debug|x64.Build.0 = Debug|Any CPU
		{11A30865-F808-4258-BE6C-0BA24FEBD24D}.Debug|x64.Deploy.0 = Debug|Any CPU
		{11A30865-F808-4258-BE6C-0BA24FEBD24D}.Debug|x86.ActiveCfg = Debug|Any CPU
		{11A30865-F808-4258-BE6C-0BA24FEBD24D}.Debug|x86.Build.0 = Debug|Any CPU
		{11A30865-F808-4258-BE6C-0BA24FEBD24D}.Debug|x86.Deploy.0 = Debug|Any CPU
		{11A30865-F808-4258-BE6C-0BA24FEBD24D}.Release|Any CPU.ActiveCfg = Release|Any CPU
		{11A30865-F808-4258-BE6C-0BA24FEBD24D}.Release|Any CPU.Build.0 = Release|Any CPU
		{11A30865-F808-4258-BE6C-0BA24FEBD24D}.Release|Any CPU.Deploy.0 = Release|Any CPU
		{11A30865-F808-4258-BE6C-0BA24FEBD24D}.Release|ARM.ActiveCfg = Release|Any CPU
		{11A30865-F808-4258-BE6C-0BA24FEBD24D}.Release|ARM.Build.0 = Release|Any CPU
		{11A30865-F808-4258-BE6C-0BA24FEBD24D}.Release|ARM.Deploy.0 = Release|Any CPU
		{11A30865-F808-4258-BE6C-0BA24FEBD24D}.Release|iPhone.ActiveCfg = Release|Any CPU
		{11A30865-F808-4258-BE6C-0BA24FEBD24D}.Release|iPhone.Build.0 = Release|Any CPU
		{11A30865-F808-4258-BE6C-0BA24FEBD24D}.Release|iPhone.Deploy.0 = Release|Any CPU
		{11A30865-F808-4258-BE6C-0BA24FEBD24D}.Release|iPhoneSimulator.ActiveCfg = Release|Any CPU
		{11A30865-F808-4258-BE6C-0BA24FEBD24D}.Release|iPhoneSimulator.Build.0 = Release|Any CPU
		{11A30865-F808-4258-BE6C-0BA24FEBD24D}.Release|iPhoneSimulator.Deploy.0 = Release|Any CPU
		{11A30865-F808-4258-BE6C-0BA24FEBD24D}.Release|x64.ActiveCfg = Release|Any CPU
		{11A30865-F808-4258-BE6C-0BA24FEBD24D}.Release|x64.Build.0 = Release|Any CPU
		{11A30865-F808-4258-BE6C-0BA24FEBD24D}.Release|x64.Deploy.0 = Release|Any CPU
		{11A30865-F808-4258-BE6C-0BA24FEBD24D}.Release|x86.ActiveCfg = Release|Any CPU
		{11A30865-F808-4258-BE6C-0BA24FEBD24D}.Release|x86.Build.0 = Release|Any CPU
		{11A30865-F808-4258-BE6C-0BA24FEBD24D}.Release|x86.Deploy.0 = Release|Any CPU
		{4B39D6A0-DC62-4A57-BF8B-97A246201E9C}.Ad-Hoc|Any CPU.ActiveCfg = Ad-Hoc|iPhone
		{4B39D6A0-DC62-4A57-BF8B-97A246201E9C}.Ad-Hoc|ARM.ActiveCfg = Ad-Hoc|iPhone
		{4B39D6A0-DC62-4A57-BF8B-97A246201E9C}.Ad-Hoc|iPhone.ActiveCfg = Ad-Hoc|iPhone
		{4B39D6A0-DC62-4A57-BF8B-97A246201E9C}.Ad-Hoc|iPhone.Build.0 = Ad-Hoc|iPhone
		{4B39D6A0-DC62-4A57-BF8B-97A246201E9C}.Ad-Hoc|iPhoneSimulator.ActiveCfg = Ad-Hoc|iPhoneSimulator
		{4B39D6A0-DC62-4A57-BF8B-97A246201E9C}.Ad-Hoc|iPhoneSimulator.Build.0 = Ad-Hoc|iPhoneSimulator
		{4B39D6A0-DC62-4A57-BF8B-97A246201E9C}.Ad-Hoc|x64.ActiveCfg = Ad-Hoc|iPhone
		{4B39D6A0-DC62-4A57-BF8B-97A246201E9C}.Ad-Hoc|x86.ActiveCfg = Ad-Hoc|iPhone
		{4B39D6A0-DC62-4A57-BF8B-97A246201E9C}.AppStore|Any CPU.ActiveCfg = AppStore|iPhone
		{4B39D6A0-DC62-4A57-BF8B-97A246201E9C}.AppStore|ARM.ActiveCfg = AppStore|iPhone
		{4B39D6A0-DC62-4A57-BF8B-97A246201E9C}.AppStore|iPhone.ActiveCfg = AppStore|iPhone
		{4B39D6A0-DC62-4A57-BF8B-97A246201E9C}.AppStore|iPhone.Build.0 = AppStore|iPhone
		{4B39D6A0-DC62-4A57-BF8B-97A246201E9C}.AppStore|iPhoneSimulator.ActiveCfg = AppStore|iPhoneSimulator
		{4B39D6A0-DC62-4A57-BF8B-97A246201E9C}.AppStore|iPhoneSimulator.Build.0 = AppStore|iPhoneSimulator
		{4B39D6A0-DC62-4A57-BF8B-97A246201E9C}.AppStore|x64.ActiveCfg = AppStore|iPhone
		{4B39D6A0-DC62-4A57-BF8B-97A246201E9C}.AppStore|x86.ActiveCfg = AppStore|iPhone
		{4B39D6A0-DC62-4A57-BF8B-97A246201E9C}.Debug|Any CPU.ActiveCfg = Debug|iPhone
		{4B39D6A0-DC62-4A57-BF8B-97A246201E9C}.Debug|ARM.ActiveCfg = Debug|iPhone
		{4B39D6A0-DC62-4A57-BF8B-97A246201E9C}.Debug|iPhone.ActiveCfg = Debug|iPhone
		{4B39D6A0-DC62-4A57-BF8B-97A246201E9C}.Debug|iPhone.Build.0 = Debug|iPhone
		{4B39D6A0-DC62-4A57-BF8B-97A246201E9C}.Debug|iPhoneSimulator.ActiveCfg = Debug|iPhoneSimulator
		{4B39D6A0-DC62-4A57-BF8B-97A246201E9C}.Debug|iPhoneSimulator.Build.0 = Debug|iPhoneSimulator
		{4B39D6A0-DC62-4A57-BF8B-97A246201E9C}.Debug|x64.ActiveCfg = Debug|iPhone
		{4B39D6A0-DC62-4A57-BF8B-97A246201E9C}.Debug|x86.ActiveCfg = Debug|iPhone
		{4B39D6A0-DC62-4A57-BF8B-97A246201E9C}.Release|Any CPU.ActiveCfg = Release|iPhone
		{4B39D6A0-DC62-4A57-BF8B-97A246201E9C}.Release|ARM.ActiveCfg = Release|iPhone
		{4B39D6A0-DC62-4A57-BF8B-97A246201E9C}.Release|iPhone.ActiveCfg = Release|iPhone
		{4B39D6A0-DC62-4A57-BF8B-97A246201E9C}.Release|iPhone.Build.0 = Release|iPhone
		{4B39D6A0-DC62-4A57-BF8B-97A246201E9C}.Release|iPhoneSimulator.ActiveCfg = Release|iPhoneSimulator
		{4B39D6A0-DC62-4A57-BF8B-97A246201E9C}.Release|iPhoneSimulator.Build.0 = Release|iPhoneSimulator
		{4B39D6A0-DC62-4A57-BF8B-97A246201E9C}.Release|x64.ActiveCfg = Release|iPhone
		{4B39D6A0-DC62-4A57-BF8B-97A246201E9C}.Release|x86.ActiveCfg = Release|iPhone
	EndGlobalSection
	GlobalSection(SolutionProperties) = preSolution
		HideSolutionNode = FALSE
	EndGlobalSection
EndGlobal
